// !$*UTF8*$!
{
	archiveVersion = 1;
	classes = {
	};
	objectVersion = 50;
	objects = {

/* Begin PBXBuildFile section */
		A50AE7FE24A7641F00110BE6 /* AVFoundation.framework in Frameworks */ = {isa = PBXBuildFile; fileRef = A50AE7FD24A7641F00110BE6 /* AVFoundation.framework */; };
		A51ACE1724A6345200673DC7 /* AppDelegate.swift in Sources */ = {isa = PBXBuildFile; fileRef = A51ACE1624A6345200673DC7 /* AppDelegate.swift */; };
		A51ACE1924A6345200673DC7 /* SceneDelegate.swift in Sources */ = {isa = PBXBuildFile; fileRef = A51ACE1824A6345200673DC7 /* SceneDelegate.swift */; };
		A51ACE1B24A6345200673DC7 /* ViewController.swift in Sources */ = {isa = PBXBuildFile; fileRef = A51ACE1A24A6345200673DC7 /* ViewController.swift */; };
		A51ACE1E24A6345200673DC7 /* Main.storyboard in Resources */ = {isa = PBXBuildFile; fileRef = A51ACE1C24A6345200673DC7 /* Main.storyboard */; };
		A51ACE2124A6345200673DC7 /* MyAudioApp.xcdatamodeld in Sources */ = {isa = PBXBuildFile; fileRef = A51ACE1F24A6345200673DC7 /* MyAudioApp.xcdatamodeld */; };
		A51ACE2324A6345900673DC7 /* Assets.xcassets in Resources */ = {isa = PBXBuildFile; fileRef = A51ACE2224A6345900673DC7 /* Assets.xcassets */; };
		A51ACE2624A6345900673DC7 /* LaunchScreen.storyboard in Resources */ = {isa = PBXBuildFile; fileRef = A51ACE2424A6345900673DC7 /* LaunchScreen.storyboard */; };
		A5517A7824A9424800675500 /* MenuEntity.swift in Sources */ = {isa = PBXBuildFile; fileRef = A5517A7724A9424800675500 /* MenuEntity.swift */; };
		A5D21C7724A92C2300CD304E /* HomePage.swift in Sources */ = {isa = PBXBuildFile; fileRef = A5D21C7624A92C2300CD304E /* HomePage.swift */; };
		A5D21C7B24A93CD700CD304E /* HomePageCell.swift in Sources */ = {isa = PBXBuildFile; fileRef = A5D21C7A24A93CD700CD304E /* HomePageCell.swift */; };
/* End PBXBuildFile section */

/* Begin PBXFileReference section */
		A50AE7FD24A7641F00110BE6 /* AVFoundation.framework */ = {isa = PBXFileReference; lastKnownFileType = wrapper.framework; name = AVFoundation.framework; path = System/Library/Frameworks/AVFoundation.framework; sourceTree = SDKROOT; };
		A51ACE1324A6345200673DC7 /* MyAudioApp.app */ = {isa = PBXFileReference; explicitFileType = wrapper.application; includeInIndex = 0; path = MyAudioApp.app; sourceTree = BUILT_PRODUCTS_DIR; };
		A51ACE1624A6345200673DC7 /* AppDelegate.swift */ = {isa = PBXFileReference; lastKnownFileType = sourcecode.swift; path = AppDelegate.swift; sourceTree = "<group>"; };
		A51ACE1824A6345200673DC7 /* SceneDelegate.swift */ = {isa = PBXFileReference; lastKnownFileType = sourcecode.swift; path = SceneDelegate.swift; sourceTree = "<group>"; };
		A51ACE1A24A6345200673DC7 /* ViewController.swift */ = {isa = PBXFileReference; lastKnownFileType = sourcecode.swift; path = ViewController.swift; sourceTree = "<group>"; };
		A51ACE1D24A6345200673DC7 /* Base */ = {isa = PBXFileReference; lastKnownFileType = file.storyboard; name = Base; path = Base.lproj/Main.storyboard; sourceTree = "<group>"; };
		A51ACE2024A6345200673DC7 /* MyAudioApp.xcdatamodel */ = {isa = PBXFileReference; lastKnownFileType = wrapper.xcdatamodel; path = MyAudioApp.xcdatamodel; sourceTree = "<group>"; };
		A51ACE2224A6345900673DC7 /* Assets.xcassets */ = {isa = PBXFileReference; lastKnownFileType = folder.assetcatalog; path = Assets.xcassets; sourceTree = "<group>"; };
		A51ACE2524A6345900673DC7 /* Base */ = {isa = PBXFileReference; lastKnownFileType = file.storyboard; name = Base; path = Base.lproj/LaunchScreen.storyboard; sourceTree = "<group>"; };
		A51ACE2724A6345900673DC7 /* Info.plist */ = {isa = PBXFileReference; lastKnownFileType = text.plist.xml; path = Info.plist; sourceTree = "<group>"; };
		A5517A7724A9424800675500 /* MenuEntity.swift */ = {isa = PBXFileReference; lastKnownFileType = sourcecode.swift; path = MenuEntity.swift; sourceTree = "<group>"; };
		A5D21C7624A92C2300CD304E /* HomePage.swift */ = {isa = PBXFileReference; lastKnownFileType = sourcecode.swift; path = HomePage.swift; sourceTree = "<group>"; };
		A5D21C7A24A93CD700CD304E /* HomePageCell.swift */ = {isa = PBXFileReference; lastKnownFileType = sourcecode.swift; path = HomePageCell.swift; sourceTree = "<group>"; };
/* End PBXFileReference section */

/* Begin PBXFrameworksBuildPhase section */
		A51ACE1024A6345200673DC7 /* Frameworks */ = {
			isa = PBXFrameworksBuildPhase;
			buildActionMask = 2147483647;
			files = (
				A50AE7FE24A7641F00110BE6 /* AVFoundation.framework in Frameworks */,
			);
			runOnlyForDeploymentPostprocessing = 0;
		};
/* End PBXFrameworksBuildPhase section */

/* Begin PBXGroup section */
		A50AE7FC24A7641F00110BE6 /* Frameworks */ = {
			isa = PBXGroup;
			children = (
				A50AE7FD24A7641F00110BE6 /* AVFoundation.framework */,
			);
			name = Frameworks;
			sourceTree = "<group>";
		};
		A51ACE0A24A6345200673DC7 = {
			isa = PBXGroup;
			children = (
				A51ACE1524A6345200673DC7 /* MyAudioApp */,
				A51ACE1424A6345200673DC7 /* Products */,
				A50AE7FC24A7641F00110BE6 /* Frameworks */,
			);
			sourceTree = "<group>";
		};
		A51ACE1424A6345200673DC7 /* Products */ = {
			isa = PBXGroup;
			children = (
				A51ACE1324A6345200673DC7 /* MyAudioApp.app */,
			);
			name = Products;
			sourceTree = "<group>";
		};
		A51ACE1524A6345200673DC7 /* MyAudioApp */ = {
			isa = PBXGroup;
			children = (
				A5517A7624A9421400675500 /* Entities */,
				A5D21C7824A93C8C00CD304E /* Views */,
				A51ACE1624A6345200673DC7 /* AppDelegate.swift */,
				A51ACE1824A6345200673DC7 /* SceneDelegate.swift */,
				A51ACE1C24A6345200673DC7 /* Main.storyboard */,
				A51ACE2224A6345900673DC7 /* Assets.xcassets */,
				A51ACE2424A6345900673DC7 /* LaunchScreen.storyboard */,
				A51ACE2724A6345900673DC7 /* Info.plist */,
				A51ACE1F24A6345200673DC7 /* MyAudioApp.xcdatamodeld */,
			);
			path = MyAudioApp;
			sourceTree = "<group>";
		};
		A5517A7624A9421400675500 /* Entities */ = {
			isa = PBXGroup;
			children = (
				A5517A7724A9424800675500 /* MenuEntity.swift */,
			);
			path = Entities;
			sourceTree = "<group>";
		};
		A5D21C7824A93C8C00CD304E /* Views */ = {
			isa = PBXGroup;
			children = (
				A5D21C7924A93CAC00CD304E /* cells */,
				A51ACE1A24A6345200673DC7 /* ViewController.swift */,
				A5D21C7624A92C2300CD304E /* HomePage.swift */,
			);
			path = Views;
			sourceTree = "<group>";
		};
		A5D21C7924A93CAC00CD304E /* cells */ = {
			isa = PBXGroup;
			children = (
				A5D21C7A24A93CD700CD304E /* HomePageCell.swift */,
			);
			path = cells;
			sourceTree = "<group>";
		};
/* End PBXGroup section */

/* Begin PBXNativeTarget section */
		A51ACE1224A6345200673DC7 /* MyAudioApp */ = {
			isa = PBXNativeTarget;
			buildConfigurationList = A51ACE2A24A6345900673DC7 /* Build configuration list for PBXNativeTarget "MyAudioApp" */;
			buildPhases = (
				A51ACE0F24A6345200673DC7 /* Sources */,
				A51ACE1024A6345200673DC7 /* Frameworks */,
				A51ACE1124A6345200673DC7 /* Resources */,
			);
			buildRules = (
			);
			dependencies = (
			);
			name = MyAudioApp;
			productName = MyAudioApp;
			productReference = A51ACE1324A6345200673DC7 /* MyAudioApp.app */;
			productType = "com.apple.product-type.application";
		};
/* End PBXNativeTarget section */

/* Begin PBXProject section */
		A51ACE0B24A6345200673DC7 /* Project object */ = {
			isa = PBXProject;
			attributes = {
				LastSwiftUpdateCheck = 1140;
				LastUpgradeCheck = 1140;
				ORGANIZATIONNAME = "Francisco Higuera Zamarripa";
				TargetAttributes = {
					A51ACE1224A6345200673DC7 = {
						CreatedOnToolsVersion = 11.4;
					};
				};
			};
			buildConfigurationList = A51ACE0E24A6345200673DC7 /* Build configuration list for PBXProject "MyAudioApp" */;
			compatibilityVersion = "Xcode 9.3";
			developmentRegion = en;
			hasScannedForEncodings = 0;
			knownRegions = (
				en,
				Base,
			);
			mainGroup = A51ACE0A24A6345200673DC7;
			productRefGroup = A51ACE1424A6345200673DC7 /* Products */;
			projectDirPath = "";
			projectRoot = "";
			targets = (
				A51ACE1224A6345200673DC7 /* MyAudioApp */,
			);
		};
/* End PBXProject section */

/* Begin PBXResourcesBuildPhase section */
		A51ACE1124A6345200673DC7 /* Resources */ = {
			isa = PBXResourcesBuildPhase;
			buildActionMask = 2147483647;
			files = (
				A51ACE2624A6345900673DC7 /* LaunchScreen.storyboard in Resources */,
				A51ACE2324A6345900673DC7 /* Assets.xcassets in Resources */,
				A51ACE1E24A6345200673DC7 /* Main.storyboard in Resources */,
			);
			runOnlyForDeploymentPostprocessing = 0;
		};
/* End PBXResourcesBuildPhase section */

/* Begin PBXSourcesBuildPhase section */
		A51ACE0F24A6345200673DC7 /* Sources */ = {
			isa = PBXSourcesBuildPhase;
			buildActionMask = 2147483647;
			files = (
				A5D21C7724A92C2300CD304E /* HomePage.swift in Sources */,
				A5517A7824A9424800675500 /* MenuEntity.swift in Sources */,
				A51ACE2124A6345200673DC7 /* MyAudioApp.xcdatamodeld in Sources */,
				A51ACE1B24A6345200673DC7 /* ViewController.swift in Sources */,
				A5D21C7B24A93CD700CD304E /* HomePageCell.swift in Sources */,
				A51ACE1724A6345200673DC7 /* AppDelegate.swift in Sources */,
				A51ACE1924A6345200673DC7 /* SceneDelegate.swift in Sources */,
			);
			runOnlyForDeploymentPostprocessing = 0;
		};
/* End PBXSourcesBuildPhase section */

/* Begin PBXVariantGroup section */
		A51ACE1C24A6345200673DC7 /* Main.storyboard */ = {
			isa = PBXVariantGroup;
			children = (
				A51ACE1D24A6345200673DC7 /* Base */,
			);
			name = Main.storyboard;
			sourceTree = "<group>";
		};
		A51ACE2424A6345900673DC7 /* LaunchScreen.storyboard */ = {
			isa = PBXVariantGroup;
			children = (
				A51ACE2524A6345900673DC7 /* Base */,
			);
			name = LaunchScreen.storyboard;
			sourceTree = "<group>";
		};
/* End PBXVariantGroup section */

/* Begin XCBuildConfiguration section */
		A51ACE2824A6345900673DC7 /* Debug */ = {
			isa = XCBuildConfiguration;
			buildSettings = {
				ALWAYS_SEARCH_USER_PATHS = NO;
				CLANG_ANALYZER_NONNULL = YES;
				CLANG_ANALYZER_NUMBER_OBJECT_CONVERSION = YES_AGGRESSIVE;
				CLANG_CXX_LANGUAGE_STANDARD = "gnu++14";
				CLANG_CXX_LIBRARY = "libc++";
				CLANG_ENABLE_MODULES = YES;
				CLANG_ENABLE_OBJC_ARC = YES;
				CLANG_ENABLE_OBJC_WEAK = YES;
				CLANG_WARN_BLOCK_CAPTURE_AUTORELEASING = YES;
				CLANG_WARN_BOOL_CONVERSION = YES;
				CLANG_WARN_COMMA = YES;
				CLANG_WARN_CONSTANT_CONVERSION = YES;
				CLANG_WARN_DEPRECATED_OBJC_IMPLEMENTATIONS = YES;
				CLANG_WARN_DIRECT_OBJC_ISA_USAGE = YES_ERROR;
				CLANG_WARN_DOCUMENTATION_COMMENTS = YES;
				CLANG_WARN_EMPTY_BODY = YES;
				CLANG_WARN_ENUM_CONVERSION = YES;
				CLANG_WARN_INFINITE_RECURSION = YES;
				CLANG_WARN_INT_CONVERSION = YES;
				CLANG_WARN_NON_LITERAL_NULL_CONVERSION = YES;
				CLANG_WARN_OBJC_IMPLICIT_RETAIN_SELF = YES;
				CLANG_WARN_OBJC_LITERAL_CONVERSION = YES;
				CLANG_WARN_OBJC_ROOT_CLASS = YES_ERROR;
				CLANG_WARN_RANGE_LOOP_ANALYSIS = YES;
				CLANG_WARN_STRICT_PROTOTYPES = YES;
				CLANG_WARN_SUSPICIOUS_MOVE = YES;
				CLANG_WARN_UNGUARDED_AVAILABILITY = YES_AGGRESSIVE;
				CLANG_WARN_UNREACHABLE_CODE = YES;
				CLANG_WARN__DUPLICATE_METHOD_MATCH = YES;
				COPY_PHASE_STRIP = NO;
				DEBUG_INFORMATION_FORMAT = dwarf;
				ENABLE_STRICT_OBJC_MSGSEND = YES;
				ENABLE_TESTABILITY = YES;
				GCC_C_LANGUAGE_STANDARD = gnu11;
				GCC_DYNAMIC_NO_PIC = NO;
				GCC_NO_COMMON_BLOCKS = YES;
				GCC_OPTIMIZATION_LEVEL = 0;
				GCC_PREPROCESSOR_DEFINITIONS = (
					"DEBUG=1",
					"$(inherited)",
				);
				GCC_WARN_64_TO_32_BIT_CONVERSION = YES;
				GCC_WARN_ABOUT_RETURN_TYPE = YES_ERROR;
				GCC_WARN_UNDECLARED_SELECTOR = YES;
				GCC_WARN_UNINITIALIZED_AUTOS = YES_AGGRESSIVE;
				GCC_WARN_UNUSED_FUNCTION = YES;
				GCC_WARN_UNUSED_VARIABLE = YES;
				IPHONEOS_DEPLOYMENT_TARGET = 13.4;
				MTL_ENABLE_DEBUG_INFO = INCLUDE_SOURCE;
				MTL_FAST_MATH = YES;
				ONLY_ACTIVE_ARCH = YES;
				SDKROOT = iphoneos;
				SWIFT_ACTIVE_COMPILATION_CONDITIONS = DEBUG;
				SWIFT_OPTIMIZATION_LEVEL = "-Onone";
			};
			name = Debug;
		};
		A51ACE2924A6345900673DC7 /* Release */ = {
			isa = XCBuildConfiguration;
			buildSettings = {
				ALWAYS_SEARCH_USER_PATHS = NO;
				CLANG_ANALYZER_NONNULL = YES;
				CLANG_ANALYZER_NUMBER_OBJECT_CONVERSION = YES_AGGRESSIVE;
				CLANG_CXX_LANGUAGE_STANDARD = "gnu++14";
				CLANG_CXX_LIBRARY = "libc++";
				CLANG_ENABLE_MODULES = YES;
				CLANG_ENABLE_OBJC_ARC = YES;
				CLANG_ENABLE_OBJC_WEAK = YES;
				CLANG_WARN_BLOCK_CAPTURE_AUTORELEASING = YES;
				CLANG_WARN_BOOL_CONVERSION = YES;
				CLANG_WARN_COMMA = YES;
				CLANG_WARN_CONSTANT_CONVERSION = YES;
				CLANG_WARN_DEPRECATED_OBJC_IMPLEMENTATIONS = YES;
				CLANG_WARN_DIRECT_OBJC_ISA_USAGE = YES_ERROR;
				CLANG_WARN_DOCUMENTATION_COMMENTS = YES;
				CLANG_WARN_EMPTY_BODY = YES;
				CLANG_WARN_ENUM_CONVERSION = YES;
				CLANG_WARN_INFINITE_RECURSION = YES;
				CLANG_WARN_INT_CONVERSION = YES;
				CLANG_WARN_NON_LITERAL_NULL_CONVERSION = YES;
				CLANG_WARN_OBJC_IMPLICIT_RETAIN_SELF = YES;
				CLANG_WARN_OBJC_LITERAL_CONVERSION = YES;
				CLANG_WARN_OBJC_ROOT_CLASS = YES_ERROR;
				CLANG_WARN_RANGE_LOOP_ANALYSIS = YES;
				CLANG_WARN_STRICT_PROTOTYPES = YES;
				CLANG_WARN_SUSPICIOUS_MOVE = YES;
				CLANG_WARN_UNGUARDED_AVAILABILITY = YES_AGGRESSIVE;
				CLANG_WARN_UNREACHABLE_CODE = YES;
				CLANG_WARN__DUPLICATE_METHOD_MATCH = YES;
				COPY_PHASE_STRIP = NO;
				DEBUG_INFORMATION_FORMAT = "dwarf-with-dsym";
				ENABLE_NS_ASSERTIONS = NO;
				ENABLE_STRICT_OBJC_MSGSEND = YES;
				GCC_C_LANGUAGE_STANDARD = gnu11;
				GCC_NO_COMMON_BLOCKS = YES;
				GCC_WARN_64_TO_32_BIT_CONVERSION = YES;
				GCC_WARN_ABOUT_RETURN_TYPE = YES_ERROR;
				GCC_WARN_UNDECLARED_SELECTOR = YES;
				GCC_WARN_UNINITIALIZED_AUTOS = YES_AGGRESSIVE;
				GCC_WARN_UNUSED_FUNCTION = YES;
				GCC_WARN_UNUSED_VARIABLE = YES;
				IPHONEOS_DEPLOYMENT_TARGET = 13.4;
				MTL_ENABLE_DEBUG_INFO = NO;
				MTL_FAST_MATH = YES;
				SDKROOT = iphoneos;
				SWIFT_COMPILATION_MODE = wholemodule;
				SWIFT_OPTIMIZATION_LEVEL = "-O";
				VALIDATE_PRODUCT = YES;
			};
			name = Release;
		};
		A51ACE2B24A6345900673DC7 /* Debug */ = {
			isa = XCBuildConfiguration;
			buildSettings = {
				ASSETCATALOG_COMPILER_APPICON_NAME = AppIcon;
				CODE_SIGN_STYLE = Automatic;
				DEVELOPMENT_TEAM = V56MZWJ5J5;
				INFOPLIST_FILE = MyAudioApp/Info.plist;
				LD_RUNPATH_SEARCH_PATHS = (
					"$(inherited)",
					"@executable_path/Frameworks",
				);
				PRODUCT_BUNDLE_IDENTIFIER = com.FranciscoHiguera.MyAudioApp;
				PRODUCT_NAME = "$(TARGET_NAME)";
				SWIFT_VERSION = 5.0;
				TARGETED_DEVICE_FAMILY = "1,2";
			};
			name = Debug;
		};
		A51ACE2C24A6345900673DC7 /* Release */ = {
			isa = XCBuildConfiguration;
			buildSettings = {
				ASSETCATALOG_COMPILER_APPICON_NAME = AppIcon;
				CODE_SIGN_STYLE = Automatic;
				DEVELOPMENT_TEAM = V56MZWJ5J5;
				INFOPLIST_FILE = MyAudioApp/Info.plist;
				LD_RUNPATH_SEARCH_PATHS = (
					"$(inherited)",
					"@executable_path/Frameworks",
				);
				PRODUCT_BUNDLE_IDENTIFIER = com.FranciscoHiguera.MyAudioApp;
				PRODUCT_NAME = "$(TARGET_NAME)";
				SWIFT_VERSION = 5.0;
				TARGETED_DEVICE_FAMILY = "1,2";
			};
			name = Release;
		};
/* End XCBuildConfiguration section */

/* Begin XCConfigurationList section */
		A51ACE0E24A6345200673DC7 /* Build configuration list for PBXProject "MyAudioApp" */ = {
			isa = XCConfigurationList;
			buildConfigurations = (
				A51ACE2824A6345900673DC7 /* Debug */,
				A51ACE2924A6345900673DC7 /* Release */,
			);
			defaultConfigurationIsVisible = 0;
			defaultConfigurationName = Release;
		};
		A51ACE2A24A6345900673DC7 /* Build configuration list for PBXNativeTarget "MyAudioApp" */ = {
			isa = XCConfigurationList;
			buildConfigurations = (
				A51ACE2B24A6345900673DC7 /* Debug */,
				A51ACE2C24A6345900673DC7 /* Release */,
			);
			defaultConfigurationIsVisible = 0;
			defaultConfigurationName = Release;
		};
/* End XCConfigurationList section */

/* Begin XCVersionGroup section */
		A51ACE1F24A6345200673DC7 /* MyAudioApp.xcdatamodeld */ = {
			isa = XCVersionGroup;
			children = (
				A51ACE2024A6345200673DC7 /* MyAudioApp.xcdatamodel */,
			);
			currentVersion = A51ACE2024A6345200673DC7 /* MyAudioApp.xcdatamodel */;
			path = MyAudioApp.xcdatamodeld;
			sourceTree = "<group>";
			versionGroupType = wrapper.xcdatamodel;
		};
/* End XCVersionGroup section */
	};
	rootObject = A51ACE0B24A6345200673DC7 /* Project object */;
}
